
Microsoft Visual Studio Solution File, Format Version 12.00
# Visual Studio 15
VisualStudioVersion = 15.0.27130.2024
MinimumVisualStudioVersion = 10.0.40219.1
Project("{9A19103F-16F7-4668-BE54-9A1E7A4F7556}") = "InRush", "InRush\InRush.csproj", "{B0C4DA39-62E1-43CF-9A85-0735D0C0CB8D}"
EndProject
Project("{9A19103F-16F7-4668-BE54-9A1E7A4F7556}") = "InRushCore", "InRushCore\InRushCore.csproj", "{62B25505-994F-4AFE-AD4A-D9E5CF77D60C}"
EndProject
Project("{FAE04EC0-301F-11D3-BF4B-00C04F79EFBC}") = "ConsoleAppForTests", "ConsoleAppForTests\ConsoleAppForTests.csproj", "{9ADC6A28-0913-46BB-9DAB-CD8EA5FBC3EF}"
EndProject
Project("{FAE04EC0-301F-11D3-BF4B-00C04F79EFBC}") = "InRushCoreUnitTests", "InRushCoreUnitTests\InRushCoreUnitTests.csproj", "{0820C367-C617-42C3-93D8-EEB7552C9E31}"
EndProject
Global
	GlobalSection(SolutionConfigurationPlatforms) = preSolution
		Debug|Any CPU = Debug|Any CPU
		Release|Any CPU = Release|Any CPU
	EndGlobalSection
	GlobalSection(ProjectConfigurationPlatforms) = postSolution
		{B0C4DA39-62E1-43CF-9A85-0735D0C0CB8D}.Debug|Any CPU.ActiveCfg = Debug|Any CPU
		{B0C4DA39-62E1-43CF-9A85-0735D0C0CB8D}.Debug|Any CPU.Build.0 = Debug|Any CPU
		{B0C4DA39-62E1-43CF-9A85-0735D0C0CB8D}.Release|Any CPU.ActiveCfg = Release|Any CPU
		{B0C4DA39-62E1-43CF-9A85-0735D0C0CB8D}.Release|Any CPU.Build.0 = Release|Any CPU
		{62B25505-994F-4AFE-AD4A-D9E5CF77D60C}.Debug|Any CPU.ActiveCfg = Debug|Any CPU
		{62B25505-994F-4AFE-AD4A-D9E5CF77D60C}.Debug|Any CPU.Build.0 = Debug|Any CPU
		{62B25505-994F-4AFE-AD4A-D9E5CF77D60C}.Release|Any CPU.ActiveCfg = Release|Any CPU
		{62B25505-994F-4AFE-AD4A-D9E5CF77D60C}.Release|Any CPU.Build.0 = Release|Any CPU
		{9ADC6A28-0913-46BB-9DAB-CD8EA5FBC3EF}.Debug|Any CPU.ActiveCfg = Debug|Any CPU
		{9ADC6A28-0913-46BB-9DAB-CD8EA5FBC3EF}.Debug|Any CPU.Build.0 = Debug|Any CPU
		{9ADC6A28-0913-46BB-9DAB-CD8EA5FBC3EF}.Release|Any CPU.ActiveCfg = Release|Any CPU
		{9ADC6A28-0913-46BB-9DAB-CD8EA5FBC3EF}.Release|Any CPU.Build.0 = Release|Any CPU
		{0820C367-C617-42C3-93D8-EEB7552C9E31}.Debug|Any CPU.ActiveCfg = Debug|Any CPU
		{0820C367-C617-42C3-93D8-EEB7552C9E31}.Debug|Any CPU.Build.0 = Debug|Any CPU
		{0820C367-C617-42C3-93D8-EEB7552C9E31}.Release|Any CPU.ActiveCfg = Release|Any CPU
		{0820C367-C617-42C3-93D8-EEB7552C9E31}.Release|Any CPU.Build.0 = Release|Any CPU
	EndGlobalSection
	GlobalSection(SolutionProperties) = preSolution
		HideSolutionNode = FALSE
	EndGlobalSection
	GlobalSection(ExtensibilityGlobals) = postSolution
		SolutionGuid = {5BA19B04-3D54-4DD3-9BE7-133FB9D1199C}
	EndGlobalSection
EndGlobal
